Microsoft Visual Studio Solution File, Format Version 11.00
# Visual Studio 2008

Project("{4F39F89F-7E94-6A9D-045F-8E1F2D158BEC}") = "ItsTraffic", "Assembly-CSharp-firstpass.csproj", "{C4758542-45A1-DC1E-D65F-9C96299CC57F}"
EndProject
Project("{4F39F89F-7E94-6A9D-045F-8E1F2D158BEC}") = "ItsTraffic", "Assembly-CSharp.csproj", "{553542A1-6658-73A9-6878-CA1F920C2F55}"
EndProject
Project("{4F39F89F-7E94-6A9D-045F-8E1F2D158BEC}") = "ItsTraffic", "Assembly-CSharp-Editor.csproj", "{503E008F-7CF5-DEE8-47F3-2F419E9EE51E}"
EndProject
Global
	GlobalSection(SolutionConfigurationPlatforms) = preSolution
		Debug|Any CPU = Debug|Any CPU
		Release|Any CPU = Release|Any CPU
	EndGlobalSection
	GlobalSection(ProjectConfigurationPlatforms) = postSolution
		{C4758542-45A1-DC1E-D65F-9C96299CC57F}.Debug|Any CPU.ActiveCfg = Debug|Any CPU
		{C4758542-45A1-DC1E-D65F-9C96299CC57F}.Debug|Any CPU.Build.0 = Debug|Any CPU
		{C4758542-45A1-DC1E-D65F-9C96299CC57F}.Release|Any CPU.ActiveCfg = Release|Any CPU
		{C4758542-45A1-DC1E-D65F-9C96299CC57F}.Release|Any CPU.Build.0 = Release|Any CPU
		{553542A1-6658-73A9-6878-CA1F920C2F55}.Debug|Any CPU.ActiveCfg = Debug|Any CPU
		{553542A1-6658-73A9-6878-CA1F920C2F55}.Debug|Any CPU.Build.0 = Debug|Any CPU
		{553542A1-6658-73A9-6878-CA1F920C2F55}.Release|Any CPU.ActiveCfg = Release|Any CPU
		{553542A1-6658-73A9-6878-CA1F920C2F55}.Release|Any CPU.Build.0 = Release|Any CPU
		{503E008F-7CF5-DEE8-47F3-2F419E9EE51E}.Debug|Any CPU.ActiveCfg = Debug|Any CPU
		{503E008F-7CF5-DEE8-47F3-2F419E9EE51E}.Debug|Any CPU.Build.0 = Debug|Any CPU
		{503E008F-7CF5-DEE8-47F3-2F419E9EE51E}.Release|Any CPU.ActiveCfg = Release|Any CPU
		{503E008F-7CF5-DEE8-47F3-2F419E9EE51E}.Release|Any CPU.Build.0 = Release|Any CPU
	EndGlobalSection
	GlobalSection(SolutionProperties) = preSolution
		HideSolutionNode = FALSE
	EndGlobalSection
																																																																																																																																																																																																																																																																																																																																																																																																				GlobalSection(MonoDevelopProperties) = preSolution
		StartupItem = Assembly-CSharp.csproj
		Policies = $0
		$0.TextStylePolicy = $1
		$1.inheritsSet = null
		$1.scope = text/x-csharp
		$0.CSharpFormattingPolicy = $2
		$2.inheritsSet = Mono
		$2.inheritsScope = text/x-csharp
		$2.scope = text/x-csharp
		$0.TextStylePolicy = $3
		$3.FileWidth = 120
		$3.TabWidth = 4
		$3.IndentWidth = 4
		$3.EolMarker = Unix
		$3.inheritsSet = Mono
		$3.inheritsScope = text/plain
		$3.scope = text/plain
	EndGlobalSection
EndGlobal
