Microsoft Visual Studio Solution File, Format Version 11.00
# Visual Studio 2008

Project("{F525DD25-B8BE-CC93-23C3-CC9048DF4F46}") = "itsTraffic", "Assembly-CSharp-firstpass.csproj", "{E2D5ED0D-6305-44C4-BAD5-9E52E6689369}"
EndProject
Project("{F525DD25-B8BE-CC93-23C3-CC9048DF4F46}") = "itsTraffic", "Assembly-CSharp.csproj", "{3DB3CAFA-C613-C72A-AA62-B63A8B646E91}"
EndProject
Project("{F525DD25-B8BE-CC93-23C3-CC9048DF4F46}") = "itsTraffic", "Assembly-CSharp-Editor.csproj", "{42E1D2E0-57A8-C527-D517-89E9B0895340}"
EndProject
Project("{F525DD25-B8BE-CC93-23C3-CC9048DF4F46}") = "itsTraffic", "Assembly-UnityScript.unityproj", "{2F0F939C-49B3-4E65-24D2-E0249B21C9C0}"
EndProject
Global
	GlobalSection(SolutionConfigurationPlatforms) = preSolution
		Debug|Any CPU = Debug|Any CPU
		Release|Any CPU = Release|Any CPU
	EndGlobalSection
	GlobalSection(ProjectConfigurationPlatforms) = postSolution
		{E2D5ED0D-6305-44C4-BAD5-9E52E6689369}.Debug|Any CPU.ActiveCfg = Debug|Any CPU
		{E2D5ED0D-6305-44C4-BAD5-9E52E6689369}.Debug|Any CPU.Build.0 = Debug|Any CPU
		{E2D5ED0D-6305-44C4-BAD5-9E52E6689369}.Release|Any CPU.ActiveCfg = Release|Any CPU
		{E2D5ED0D-6305-44C4-BAD5-9E52E6689369}.Release|Any CPU.Build.0 = Release|Any CPU
		{3DB3CAFA-C613-C72A-AA62-B63A8B646E91}.Debug|Any CPU.ActiveCfg = Debug|Any CPU
		{3DB3CAFA-C613-C72A-AA62-B63A8B646E91}.Debug|Any CPU.Build.0 = Debug|Any CPU
		{3DB3CAFA-C613-C72A-AA62-B63A8B646E91}.Release|Any CPU.ActiveCfg = Release|Any CPU
		{3DB3CAFA-C613-C72A-AA62-B63A8B646E91}.Release|Any CPU.Build.0 = Release|Any CPU
		{42E1D2E0-57A8-C527-D517-89E9B0895340}.Debug|Any CPU.ActiveCfg = Debug|Any CPU
		{42E1D2E0-57A8-C527-D517-89E9B0895340}.Debug|Any CPU.Build.0 = Debug|Any CPU
		{42E1D2E0-57A8-C527-D517-89E9B0895340}.Release|Any CPU.ActiveCfg = Release|Any CPU
		{42E1D2E0-57A8-C527-D517-89E9B0895340}.Release|Any CPU.Build.0 = Release|Any CPU
		{2F0F939C-49B3-4E65-24D2-E0249B21C9C0}.Debug|Any CPU.ActiveCfg = Debug|Any CPU
		{2F0F939C-49B3-4E65-24D2-E0249B21C9C0}.Debug|Any CPU.Build.0 = Debug|Any CPU
		{2F0F939C-49B3-4E65-24D2-E0249B21C9C0}.Release|Any CPU.ActiveCfg = Release|Any CPU
		{2F0F939C-49B3-4E65-24D2-E0249B21C9C0}.Release|Any CPU.Build.0 = Release|Any CPU
	EndGlobalSection
	GlobalSection(SolutionProperties) = preSolution
		HideSolutionNode = FALSE
	EndGlobalSection
																																																																																																											GlobalSection(MonoDevelopProperties) = preSolution
		StartupItem = Assembly-CSharp.csproj
		Policies = $0
		$0.TextStylePolicy = $1
		$1.inheritsSet = null
		$1.scope = text/x-csharp
		$0.CSharpFormattingPolicy = $2
		$2.inheritsSet = Mono
		$2.inheritsScope = text/x-csharp
		$2.scope = text/x-csharp
		$0.TextStylePolicy = $3
		$3.FileWidth = 120
		$3.TabWidth = 4
		$3.IndentWidth = 4
		$3.EolMarker = Unix
		$3.inheritsSet = Mono
		$3.inheritsScope = text/plain
		$3.scope = text/plain
	EndGlobalSection

EndGlobal
